
Microsoft Visual Studio Solution File, Format Version 12.00
# Visual Studio 15
Project("{FAE04EC0-301F-11D3-BF4B-00C04F79EFBC}") = "Assembly-CSharp", "Assembly-CSharp.csproj", "{996246D2-29E4-A2FB-D7E3-449AE86EA2DC}"
EndProject
Project("{FAE04EC0-301F-11D3-BF4B-00C04F79EFBC}") = "Assembly-CSharp-Editor", "Assembly-CSharp-Editor.csproj", "{633888B1-E5DE-D305-125A-251E93098D47}"
EndProject
Global
	GlobalSection(SolutionConfigurationPlatforms) = preSolution
		Debug|Any CPU = Debug|Any CPU
		Release|Any CPU = Release|Any CPU
	EndGlobalSection
	GlobalSection(ProjectConfigurationPlatforms) = postSolution
		{996246D2-29E4-A2FB-D7E3-449AE86EA2DC}.Debug|Any CPU.ActiveCfg = Debug|Any CPU
		{996246D2-29E4-A2FB-D7E3-449AE86EA2DC}.Debug|Any CPU.Build.0 = Debug|Any CPU
		{996246D2-29E4-A2FB-D7E3-449AE86EA2DC}.Release|Any CPU.ActiveCfg = Release|Any CPU
		{996246D2-29E4-A2FB-D7E3-449AE86EA2DC}.Release|Any CPU.Build.0 = Release|Any CPU
		{633888B1-E5DE-D305-125A-251E93098D47}.Debug|Any CPU.ActiveCfg = Debug|Any CPU
		{633888B1-E5DE-D305-125A-251E93098D47}.Debug|Any CPU.Build.0 = Debug|Any CPU
		{633888B1-E5DE-D305-125A-251E93098D47}.Release|Any CPU.ActiveCfg = Release|Any CPU
		{633888B1-E5DE-D305-125A-251E93098D47}.Release|Any CPU.Build.0 = Release|Any CPU
	EndGlobalSection
	GlobalSection(SolutionProperties) = preSolution
		HideSolutionNode = FALSE
	EndGlobalSection
EndGlobal
